
Microsoft Visual Studio Solution File, Format Version 12.00
# Visual Studio Version 17
VisualStudioVersion = 17.8.34330.188
MinimumVisualStudioVersion = 10.0.40219.1
Project("{FAE04EC0-301F-11D3-BF4B-00C04F79EFBC}") = "1.8", "1.8\1.8.csproj", "{69715495-287D-4690-AEBD-596B6B288E4E}"
EndProject
Global
	GlobalSection(SolutionConfigurationPlatforms) = preSolution
		Debug|Any CPU = Debug|Any CPU
		Release|Any CPU = Release|Any CPU
	EndGlobalSection
	GlobalSection(ProjectConfigurationPlatforms) = postSolution
		{69715495-287D-4690-AEBD-596B6B288E4E}.Debug|Any CPU.ActiveCfg = Debug|Any CPU
		{69715495-287D-4690-AEBD-596B6B288E4E}.Debug|Any CPU.Build.0 = Debug|Any CPU
		{69715495-287D-4690-AEBD-596B6B288E4E}.Release|Any CPU.ActiveCfg = Release|Any CPU
		{69715495-287D-4690-AEBD-596B6B288E4E}.Release|Any CPU.Build.0 = Release|Any CPU
	EndGlobalSection
	GlobalSection(SolutionProperties) = preSolution
		HideSolutionNode = FALSE
	EndGlobalSection
	GlobalSection(ExtensibilityGlobals) = postSolution
		SolutionGuid = {AA083E02-F9F1-4B9F-A6E8-0E37955B2B28}
	EndGlobalSection
EndGlobal
